
Microsoft Visual Studio Solution File, Format Version 12.00
# Visual Studio 15
VisualStudioVersion = 15.0.26730.3
MinimumVisualStudioVersion = 15.0.26124.0
Project("{9A19103F-16F7-4668-BE54-9A1E7A4F7556}") = "Wormhole", "src\Wormhole\Wormhole.csproj", "{754D4CAB-B8D0-4327-9953-EB1256B71E59}"
EndProject
Project("{9A19103F-16F7-4668-BE54-9A1E7A4F7556}") = "Wormhole.Worker", "src\Wormhole.Worker\Wormhole.Worker.csproj", "{4E1608FD-5D75-444B-8CDC-A3D7F9FB2C92}"
EndProject
Project("{9A19103F-16F7-4668-BE54-9A1E7A4F7556}") = "Wormhole.Api.Model", "src\Wormhole.Api.Model\Wormhole.Api.Model.csproj", "{1327097A-5F4E-4CC3-B25D-851FFE2278FC}"
EndProject
Project("{9A19103F-16F7-4668-BE54-9A1E7A4F7556}") = "Wormhole.Api", "src\Wormhole.Api\Wormhole.Api.csproj", "{6A87E38C-B80A-4F29-9F2A-FA92516F18D3}"
EndProject
Project("{2150E333-8FDC-42A3-9474-1A3956D46DE8}") = "src", "src", "{1368228D-A16A-48B5-B73C-2FCF2C243523}"
EndProject
Project("{2150E333-8FDC-42A3-9474-1A3956D46DE8}") = "tests", "tests", "{542CB503-B86E-497E-846F-98C8681A1D43}"
EndProject
Project("{9A19103F-16F7-4668-BE54-9A1E7A4F7556}") = "Wormhole.Tests", "tests\Wormhole.Tests\Wormhole.Tests.csproj", "{4DD9C152-5B7E-4B2E-9992-A31F238D30AE}"
EndProject
Project("{9A19103F-16F7-4668-BE54-9A1E7A4F7556}") = "Wormhole.Integration.Tests", "tests\Wormhole.Integration.Tests\Wormhole.Integration.Tests.csproj", "{D864F62A-DA62-4487-AFB8-E9002E32AFA8}"
EndProject
Project("{2150E333-8FDC-42A3-9474-1A3956D46DE8}") = "build", "build", "{09730E54-7551-4D09-96DC-2529AA5307B3}"
	ProjectSection(SolutionItems) = preProject
		build-wormhole-api.ps1 = build-wormhole-api.ps1
		run-unit-tests.ps1 = run-unit-tests.ps1
	EndProjectSection
EndProject
Global
	GlobalSection(SolutionConfigurationPlatforms) = preSolution
		Debug|Any CPU = Debug|Any CPU
		Release|Any CPU = Release|Any CPU
	EndGlobalSection
	GlobalSection(ProjectConfigurationPlatforms) = postSolution
		{754D4CAB-B8D0-4327-9953-EB1256B71E59}.Debug|Any CPU.ActiveCfg = Debug|Any CPU
		{754D4CAB-B8D0-4327-9953-EB1256B71E59}.Debug|Any CPU.Build.0 = Debug|Any CPU
		{754D4CAB-B8D0-4327-9953-EB1256B71E59}.Release|Any CPU.ActiveCfg = Release|Any CPU
		{754D4CAB-B8D0-4327-9953-EB1256B71E59}.Release|Any CPU.Build.0 = Release|Any CPU
		{4E1608FD-5D75-444B-8CDC-A3D7F9FB2C92}.Debug|Any CPU.ActiveCfg = Debug|Any CPU
		{4E1608FD-5D75-444B-8CDC-A3D7F9FB2C92}.Debug|Any CPU.Build.0 = Debug|Any CPU
		{4E1608FD-5D75-444B-8CDC-A3D7F9FB2C92}.Release|Any CPU.ActiveCfg = Release|Any CPU
		{4E1608FD-5D75-444B-8CDC-A3D7F9FB2C92}.Release|Any CPU.Build.0 = Release|Any CPU
		{1327097A-5F4E-4CC3-B25D-851FFE2278FC}.Debug|Any CPU.ActiveCfg = Debug|Any CPU
		{1327097A-5F4E-4CC3-B25D-851FFE2278FC}.Debug|Any CPU.Build.0 = Debug|Any CPU
		{1327097A-5F4E-4CC3-B25D-851FFE2278FC}.Release|Any CPU.ActiveCfg = Release|Any CPU
		{1327097A-5F4E-4CC3-B25D-851FFE2278FC}.Release|Any CPU.Build.0 = Release|Any CPU
		{6A87E38C-B80A-4F29-9F2A-FA92516F18D3}.Debug|Any CPU.ActiveCfg = Debug|Any CPU
		{6A87E38C-B80A-4F29-9F2A-FA92516F18D3}.Debug|Any CPU.Build.0 = Debug|Any CPU
		{6A87E38C-B80A-4F29-9F2A-FA92516F18D3}.Release|Any CPU.ActiveCfg = Release|Any CPU
		{6A87E38C-B80A-4F29-9F2A-FA92516F18D3}.Release|Any CPU.Build.0 = Release|Any CPU
		{4DD9C152-5B7E-4B2E-9992-A31F238D30AE}.Debug|Any CPU.ActiveCfg = Debug|Any CPU
		{4DD9C152-5B7E-4B2E-9992-A31F238D30AE}.Debug|Any CPU.Build.0 = Debug|Any CPU
		{4DD9C152-5B7E-4B2E-9992-A31F238D30AE}.Release|Any CPU.ActiveCfg = Release|Any CPU
		{4DD9C152-5B7E-4B2E-9992-A31F238D30AE}.Release|Any CPU.Build.0 = Release|Any CPU
		{D864F62A-DA62-4487-AFB8-E9002E32AFA8}.Debug|Any CPU.ActiveCfg = Debug|Any CPU
		{D864F62A-DA62-4487-AFB8-E9002E32AFA8}.Debug|Any CPU.Build.0 = Debug|Any CPU
		{D864F62A-DA62-4487-AFB8-E9002E32AFA8}.Release|Any CPU.ActiveCfg = Release|Any CPU
		{D864F62A-DA62-4487-AFB8-E9002E32AFA8}.Release|Any CPU.Build.0 = Release|Any CPU
	EndGlobalSection
	GlobalSection(SolutionProperties) = preSolution
		HideSolutionNode = FALSE
	EndGlobalSection
	GlobalSection(NestedProjects) = preSolution
		{754D4CAB-B8D0-4327-9953-EB1256B71E59} = {1368228D-A16A-48B5-B73C-2FCF2C243523}
		{4E1608FD-5D75-444B-8CDC-A3D7F9FB2C92} = {1368228D-A16A-48B5-B73C-2FCF2C243523}
		{1327097A-5F4E-4CC3-B25D-851FFE2278FC} = {1368228D-A16A-48B5-B73C-2FCF2C243523}
		{6A87E38C-B80A-4F29-9F2A-FA92516F18D3} = {1368228D-A16A-48B5-B73C-2FCF2C243523}
		{4DD9C152-5B7E-4B2E-9992-A31F238D30AE} = {542CB503-B86E-497E-846F-98C8681A1D43}
		{D864F62A-DA62-4487-AFB8-E9002E32AFA8} = {542CB503-B86E-497E-846F-98C8681A1D43}
	EndGlobalSection
	GlobalSection(ExtensibilityGlobals) = postSolution
		SolutionGuid = {EEA8EC68-F66A-428E-AE58-417D632F8496}
	EndGlobalSection
EndGlobal
