
Microsoft Visual Studio Solution File, Format Version 12.00
# Visual Studio Version 16
VisualStudioVersion = 16.0.28407.52
MinimumVisualStudioVersion = 15.0.26124.0
Project("{9A19103F-16F7-4668-BE54-9A1E7A4F7556}") = "Wormhole", "src\Wormhole\Wormhole.csproj", "{754D4CAB-B8D0-4327-9953-EB1256B71E59}"
EndProject
Project("{9A19103F-16F7-4668-BE54-9A1E7A4F7556}") = "Wormhole.Worker", "src\Wormhole.Worker\Wormhole.Worker.csproj", "{4E1608FD-5D75-444B-8CDC-A3D7F9FB2C92}"
EndProject
Project("{9A19103F-16F7-4668-BE54-9A1E7A4F7556}") = "Wormhole.Proxy", "src\Wormhole.Proxy\Wormhole.Proxy.csproj", "{F17E84B0-6CAE-4DF8-A49A-5C04FC07323D}"
EndProject
Project("{9A19103F-16F7-4668-BE54-9A1E7A4F7556}") = "Wormhole.Api.Model", "src\Wormhole.Api.Model\Wormhole.Api.Model.csproj", "{1327097A-5F4E-4CC3-B25D-851FFE2278FC}"
EndProject
Project("{9A19103F-16F7-4668-BE54-9A1E7A4F7556}") = "Wormhole.Api", "src\Wormhole.Api\Wormhole.Api.csproj", "{6A87E38C-B80A-4F29-9F2A-FA92516F18D3}"
EndProject
Project("{9A19103F-16F7-4668-BE54-9A1E7A4F7556}") = "Wormhole.Tests", "test\Wormhole.Tests.csproj", "{50B2D8B9-8B9A-4588-AF6D-D565260AED3E}"
EndProject
Project("{2150E333-8FDC-42A3-9474-1A3956D46DE8}") = "Wormhole.Tests", "Wormhole.Tests", "{C0F92912-D646-49FF-9A47-56A70BCF7B82}"
EndProject
Global
	GlobalSection(SolutionConfigurationPlatforms) = preSolution
		Debug|Any CPU = Debug|Any CPU
		Release|Any CPU = Release|Any CPU
	EndGlobalSection
	GlobalSection(ProjectConfigurationPlatforms) = postSolution
		{754D4CAB-B8D0-4327-9953-EB1256B71E59}.Debug|Any CPU.ActiveCfg = Debug|Any CPU
		{754D4CAB-B8D0-4327-9953-EB1256B71E59}.Debug|Any CPU.Build.0 = Debug|Any CPU
		{754D4CAB-B8D0-4327-9953-EB1256B71E59}.Release|Any CPU.ActiveCfg = Release|Any CPU
		{754D4CAB-B8D0-4327-9953-EB1256B71E59}.Release|Any CPU.Build.0 = Release|Any CPU
		{4E1608FD-5D75-444B-8CDC-A3D7F9FB2C92}.Debug|Any CPU.ActiveCfg = Debug|Any CPU
		{4E1608FD-5D75-444B-8CDC-A3D7F9FB2C92}.Debug|Any CPU.Build.0 = Debug|Any CPU
		{4E1608FD-5D75-444B-8CDC-A3D7F9FB2C92}.Release|Any CPU.ActiveCfg = Release|Any CPU
		{4E1608FD-5D75-444B-8CDC-A3D7F9FB2C92}.Release|Any CPU.Build.0 = Release|Any CPU
		{F17E84B0-6CAE-4DF8-A49A-5C04FC07323D}.Debug|Any CPU.ActiveCfg = Debug|Any CPU
		{F17E84B0-6CAE-4DF8-A49A-5C04FC07323D}.Debug|Any CPU.Build.0 = Debug|Any CPU
		{F17E84B0-6CAE-4DF8-A49A-5C04FC07323D}.Release|Any CPU.ActiveCfg = Release|Any CPU
		{F17E84B0-6CAE-4DF8-A49A-5C04FC07323D}.Release|Any CPU.Build.0 = Release|Any CPU
		{1327097A-5F4E-4CC3-B25D-851FFE2278FC}.Debug|Any CPU.ActiveCfg = Debug|Any CPU
		{1327097A-5F4E-4CC3-B25D-851FFE2278FC}.Debug|Any CPU.Build.0 = Debug|Any CPU
		{1327097A-5F4E-4CC3-B25D-851FFE2278FC}.Release|Any CPU.ActiveCfg = Release|Any CPU
		{1327097A-5F4E-4CC3-B25D-851FFE2278FC}.Release|Any CPU.Build.0 = Release|Any CPU
		{6A87E38C-B80A-4F29-9F2A-FA92516F18D3}.Debug|Any CPU.ActiveCfg = Debug|Any CPU
		{6A87E38C-B80A-4F29-9F2A-FA92516F18D3}.Debug|Any CPU.Build.0 = Debug|Any CPU
		{6A87E38C-B80A-4F29-9F2A-FA92516F18D3}.Release|Any CPU.ActiveCfg = Release|Any CPU
		{6A87E38C-B80A-4F29-9F2A-FA92516F18D3}.Release|Any CPU.Build.0 = Release|Any CPU
		{50B2D8B9-8B9A-4588-AF6D-D565260AED3E}.Debug|Any CPU.ActiveCfg = Debug|Any CPU
		{50B2D8B9-8B9A-4588-AF6D-D565260AED3E}.Debug|Any CPU.Build.0 = Debug|Any CPU
		{50B2D8B9-8B9A-4588-AF6D-D565260AED3E}.Release|Any CPU.ActiveCfg = Release|Any CPU
		{50B2D8B9-8B9A-4588-AF6D-D565260AED3E}.Release|Any CPU.Build.0 = Release|Any CPU
	EndGlobalSection
	GlobalSection(SolutionProperties) = preSolution
		HideSolutionNode = FALSE
	EndGlobalSection
	GlobalSection(NestedProjects) = preSolution
		{50B2D8B9-8B9A-4588-AF6D-D565260AED3E} = {C0F92912-D646-49FF-9A47-56A70BCF7B82}
	EndGlobalSection
	GlobalSection(ExtensibilityGlobals) = postSolution
		SolutionGuid = {EEA8EC68-F66A-428E-AE58-417D632F8496}
	EndGlobalSection
EndGlobal
